
Microsoft Visual Studio Solution File, Format Version 12.00
# Visual Studio Version 17
VisualStudioVersion = 17.6.33815.320
MinimumVisualStudioVersion = 10.0.40219.1
Project("{FAE04EC0-301F-11D3-BF4B-00C04F79EFBC}") = "TuplesApp", "TuplesApp\TuplesApp.csproj", "{13FB3271-D724-4A23-B4E2-08422C8AE2FF}"
EndProject
Global
	GlobalSection(SolutionConfigurationPlatforms) = preSolution
		Debug|Any CPU = Debug|Any CPU
		Release|Any CPU = Release|Any CPU
	EndGlobalSection
	GlobalSection(ProjectConfigurationPlatforms) = postSolution
		{13FB3271-D724-4A23-B4E2-08422C8AE2FF}.Debug|Any CPU.ActiveCfg = Debug|Any CPU
		{13FB3271-D724-4A23-B4E2-08422C8AE2FF}.Debug|Any CPU.Build.0 = Debug|Any CPU
		{13FB3271-D724-4A23-B4E2-08422C8AE2FF}.Release|Any CPU.ActiveCfg = Release|Any CPU
		{13FB3271-D724-4A23-B4E2-08422C8AE2FF}.Release|Any CPU.Build.0 = Release|Any CPU
	EndGlobalSection
	GlobalSection(SolutionProperties) = preSolution
		HideSolutionNode = FALSE
	EndGlobalSection
	GlobalSection(ExtensibilityGlobals) = postSolution
		SolutionGuid = {7AF473BF-DA86-4E73-9CDE-796CDC9A68F7}
	EndGlobalSection
EndGlobal
